
Microsoft Visual Studio Solution File, Format Version 12.00
# Visual Studio 15
VisualStudioVersion = 15.0.28307.1062
MinimumVisualStudioVersion = 10.0.40219.1
Project("{FAE04EC0-301F-11D3-BF4B-00C04F79EFBC}") = "PZ2", "PZ2\PZ2.csproj", "{1118644C-3528-4870-98BB-4AB56BF2BDC5}"
EndProject
Global
	GlobalSection(SolutionConfigurationPlatforms) = preSolution
		Debug|Any CPU = Debug|Any CPU
		Release|Any CPU = Release|Any CPU
	EndGlobalSection
	GlobalSection(ProjectConfigurationPlatforms) = postSolution
		{1118644C-3528-4870-98BB-4AB56BF2BDC5}.Debug|Any CPU.ActiveCfg = Debug|Any CPU
		{1118644C-3528-4870-98BB-4AB56BF2BDC5}.Debug|Any CPU.Build.0 = Debug|Any CPU
		{1118644C-3528-4870-98BB-4AB56BF2BDC5}.Release|Any CPU.ActiveCfg = Release|Any CPU
		{1118644C-3528-4870-98BB-4AB56BF2BDC5}.Release|Any CPU.Build.0 = Release|Any CPU
	EndGlobalSection
	GlobalSection(SolutionProperties) = preSolution
		HideSolutionNode = FALSE
	EndGlobalSection
	GlobalSection(ExtensibilityGlobals) = postSolution
		SolutionGuid = {A7173A5B-C394-42EA-9591-DCB356DD9164}
	EndGlobalSection
EndGlobal
